
Microsoft Visual Studio Solution File, Format Version 12.00
# Visual Studio Version 17
VisualStudioVersion = 17.2.32630.192
MinimumVisualStudioVersion = 10.0.40219.1
Project("{FAE04EC0-301F-11D3-BF4B-00C04F79EFBC}") = "RestApsNet6", "RestApsNet6\RestApsNet6.csproj", "{C0C79C74-9F03-48AF-A852-C3F0B467121A}"
EndProject
Global
	GlobalSection(SolutionConfigurationPlatforms) = preSolution
		Debug|Any CPU = Debug|Any CPU
		Release|Any CPU = Release|Any CPU
	EndGlobalSection
	GlobalSection(ProjectConfigurationPlatforms) = postSolution
		{C0C79C74-9F03-48AF-A852-C3F0B467121A}.Debug|Any CPU.ActiveCfg = Debug|Any CPU
		{C0C79C74-9F03-48AF-A852-C3F0B467121A}.Debug|Any CPU.Build.0 = Debug|Any CPU
		{C0C79C74-9F03-48AF-A852-C3F0B467121A}.Release|Any CPU.ActiveCfg = Release|Any CPU
		{C0C79C74-9F03-48AF-A852-C3F0B467121A}.Release|Any CPU.Build.0 = Release|Any CPU
	EndGlobalSection
	GlobalSection(SolutionProperties) = preSolution
		HideSolutionNode = FALSE
	EndGlobalSection
	GlobalSection(ExtensibilityGlobals) = postSolution
		SolutionGuid = {DB4EDE21-CC03-40E9-BE8E-43CE4BA1ADBB}
	EndGlobalSection
EndGlobal
